
Microsoft Visual Studio Solution File, Format Version 12.00
# Visual Studio Version 17
VisualStudioVersion = 17.3.32929.385
MinimumVisualStudioVersion = 10.0.40219.1
Project("{FAE04EC0-301F-11D3-BF4B-00C04F79EFBC}") = "Exercicio4L", "Exercicio4L\Exercicio4L.csproj", "{E3A0A8DE-4FED-4776-AE81-7B2BC877C527}"
EndProject
Global
	GlobalSection(SolutionConfigurationPlatforms) = preSolution
		Debug|Any CPU = Debug|Any CPU
		Release|Any CPU = Release|Any CPU
	EndGlobalSection
	GlobalSection(ProjectConfigurationPlatforms) = postSolution
		{E3A0A8DE-4FED-4776-AE81-7B2BC877C527}.Debug|Any CPU.ActiveCfg = Debug|Any CPU
		{E3A0A8DE-4FED-4776-AE81-7B2BC877C527}.Debug|Any CPU.Build.0 = Debug|Any CPU
		{E3A0A8DE-4FED-4776-AE81-7B2BC877C527}.Release|Any CPU.ActiveCfg = Release|Any CPU
		{E3A0A8DE-4FED-4776-AE81-7B2BC877C527}.Release|Any CPU.Build.0 = Release|Any CPU
	EndGlobalSection
	GlobalSection(SolutionProperties) = preSolution
		HideSolutionNode = FALSE
	EndGlobalSection
	GlobalSection(ExtensibilityGlobals) = postSolution
		SolutionGuid = {881CEA08-8AF7-4149-9360-A262E506C972}
	EndGlobalSection
EndGlobal
