
Microsoft Visual Studio Solution File, Format Version 12.00
# Visual Studio Version 17
VisualStudioVersion = 17.3.32929.385
MinimumVisualStudioVersion = 10.0.40219.1
Project("{FAE04EC0-301F-11D3-BF4B-00C04F79EFBC}") = "Exercicio7L", "Exercicio7L\Exercicio7L.csproj", "{77EC0CA1-62A2-4E3C-9402-7DBA37EB17F5}"
EndProject
Global
	GlobalSection(SolutionConfigurationPlatforms) = preSolution
		Debug|Any CPU = Debug|Any CPU
		Release|Any CPU = Release|Any CPU
	EndGlobalSection
	GlobalSection(ProjectConfigurationPlatforms) = postSolution
		{77EC0CA1-62A2-4E3C-9402-7DBA37EB17F5}.Debug|Any CPU.ActiveCfg = Debug|Any CPU
		{77EC0CA1-62A2-4E3C-9402-7DBA37EB17F5}.Debug|Any CPU.Build.0 = Debug|Any CPU
		{77EC0CA1-62A2-4E3C-9402-7DBA37EB17F5}.Release|Any CPU.ActiveCfg = Release|Any CPU
		{77EC0CA1-62A2-4E3C-9402-7DBA37EB17F5}.Release|Any CPU.Build.0 = Release|Any CPU
	EndGlobalSection
	GlobalSection(SolutionProperties) = preSolution
		HideSolutionNode = FALSE
	EndGlobalSection
	GlobalSection(ExtensibilityGlobals) = postSolution
		SolutionGuid = {14D9B52B-7B1D-4173-8CB3-B179C71FFD4B}
	EndGlobalSection
EndGlobal
