
Microsoft Visual Studio Solution File, Format Version 12.00
# Visual Studio Version 17
VisualStudioVersion = 17.3.32929.385
MinimumVisualStudioVersion = 10.0.40219.1
Project("{FAE04EC0-301F-11D3-BF4B-00C04F79EFBC}") = "Exercicio6L", "Exercicio6L\Exercicio6L.csproj", "{10312108-2283-4FCF-8E6C-420A9DFF3829}"
EndProject
Global
	GlobalSection(SolutionConfigurationPlatforms) = preSolution
		Debug|Any CPU = Debug|Any CPU
		Release|Any CPU = Release|Any CPU
	EndGlobalSection
	GlobalSection(ProjectConfigurationPlatforms) = postSolution
		{10312108-2283-4FCF-8E6C-420A9DFF3829}.Debug|Any CPU.ActiveCfg = Debug|Any CPU
		{10312108-2283-4FCF-8E6C-420A9DFF3829}.Debug|Any CPU.Build.0 = Debug|Any CPU
		{10312108-2283-4FCF-8E6C-420A9DFF3829}.Release|Any CPU.ActiveCfg = Release|Any CPU
		{10312108-2283-4FCF-8E6C-420A9DFF3829}.Release|Any CPU.Build.0 = Release|Any CPU
	EndGlobalSection
	GlobalSection(SolutionProperties) = preSolution
		HideSolutionNode = FALSE
	EndGlobalSection
	GlobalSection(ExtensibilityGlobals) = postSolution
		SolutionGuid = {FE19CF8D-BC1A-42E7-8286-5874BA67940E}
	EndGlobalSection
EndGlobal
